PODS:
  - Alamofire (4.7.3)
  - SkeletonView (1.4.1)

DEPENDENCIES:
  - Alamofire
  - SkeletonView

SPEC REPOS:
  https://github.com/cocoapods/specs.git:
    - Alamofire
    - SkeletonView

SPEC CHECKSUMS:
  Alamofire: c7287b6e5d7da964a70935e5db17046b7fde6568
  SkeletonView: 60d6ce7edb0cb4c7758db33c74add50392b3c475

PODFILE CHECKSUM: e5b3e81296869004b674e295450153b6f18e085f

COCOAPODS: 1.5.3
